
Microsoft Visual Studio Solution File, Format Version 12.00
# Visual Studio Version 17
VisualStudioVersion = 17.11.35303.130
MinimumVisualStudioVersion = 10.0.40219.1
Project("{FAE04EC0-301F-11D3-BF4B-00C04F79EFBC}") = "RemindKun", "RemindKun\RemindKun.csproj", "{895F2BE9-3A1C-403C-ADAF-47FC2AD191F0}"
EndProject
Project("{FAE04EC0-301F-11D3-BF4B-00C04F79EFBC}") = "RemindKun.Domain", "RemindKun.Domain\RemindKun.Domain.csproj", "{DD9262CD-587A-41FE-B94F-A598D2438B19}"
EndProject
Project("{FAE04EC0-301F-11D3-BF4B-00C04F79EFBC}") = "RemindKun.Application", "RemindKun.Application\RemindKun.Application.csproj", "{7ACEFCA6-2772-43D4-8766-4E97AD779C37}"
EndProject
Project("{FAE04EC0-301F-11D3-BF4B-00C04F79EFBC}") = "RemindKun.Infrastructure", "RemindKun.Infrastructure\RemindKun.Infrastructure.csproj", "{DC7595B4-66D7-4960-A081-C2886A66938F}"
EndProject
Global
	GlobalSection(SolutionConfigurationPlatforms) = preSolution
		Debug|Any CPU = Debug|Any CPU
		Release|Any CPU = Release|Any CPU
	EndGlobalSection
	GlobalSection(ProjectConfigurationPlatforms) = postSolution
		{895F2BE9-3A1C-403C-ADAF-47FC2AD191F0}.Debug|Any CPU.ActiveCfg = Debug|Any CPU
		{895F2BE9-3A1C-403C-ADAF-47FC2AD191F0}.Debug|Any CPU.Build.0 = Debug|Any CPU
		{895F2BE9-3A1C-403C-ADAF-47FC2AD191F0}.Release|Any CPU.ActiveCfg = Release|Any CPU
		{895F2BE9-3A1C-403C-ADAF-47FC2AD191F0}.Release|Any CPU.Build.0 = Release|Any CPU
		{DD9262CD-587A-41FE-B94F-A598D2438B19}.Debug|Any CPU.ActiveCfg = Debug|Any CPU
		{DD9262CD-587A-41FE-B94F-A598D2438B19}.Debug|Any CPU.Build.0 = Debug|Any CPU
		{DD9262CD-587A-41FE-B94F-A598D2438B19}.Release|Any CPU.ActiveCfg = Release|Any CPU
		{DD9262CD-587A-41FE-B94F-A598D2438B19}.Release|Any CPU.Build.0 = Release|Any CPU
		{7ACEFCA6-2772-43D4-8766-4E97AD779C37}.Debug|Any CPU.ActiveCfg = Debug|Any CPU
		{7ACEFCA6-2772-43D4-8766-4E97AD779C37}.Debug|Any CPU.Build.0 = Debug|Any CPU
		{7ACEFCA6-2772-43D4-8766-4E97AD779C37}.Release|Any CPU.ActiveCfg = Release|Any CPU
		{7ACEFCA6-2772-43D4-8766-4E97AD779C37}.Release|Any CPU.Build.0 = Release|Any CPU
		{DC7595B4-66D7-4960-A081-C2886A66938F}.Debug|Any CPU.ActiveCfg = Debug|Any CPU
		{DC7595B4-66D7-4960-A081-C2886A66938F}.Debug|Any CPU.Build.0 = Debug|Any CPU
		{DC7595B4-66D7-4960-A081-C2886A66938F}.Release|Any CPU.ActiveCfg = Release|Any CPU
		{DC7595B4-66D7-4960-A081-C2886A66938F}.Release|Any CPU.Build.0 = Release|Any CPU
	EndGlobalSection
	GlobalSection(SolutionProperties) = preSolution
		HideSolutionNode = FALSE
	EndGlobalSection
	GlobalSection(ExtensibilityGlobals) = postSolution
		SolutionGuid = {2F001875-999A-4D0D-A33F-B525220891E9}
	EndGlobalSection
EndGlobal
